
Microsoft Visual Studio Solution File, Format Version 12.00
# Visual Studio Version 17
VisualStudioVersion = 17.2.32630.192
MinimumVisualStudioVersion = 10.0.40219.1
Project("{9A19103F-16F7-4668-BE54-9A1E7A4F7556}") = "R5T.Z0035.Construction", "R5T.Z0035.Construction\R5T.Z0035.Construction.csproj", "{CC598546-C2C2-4327-9240-9656A628B1BC}"
EndProject
Project("{9A19103F-16F7-4668-BE54-9A1E7A4F7556}") = "R5T.Z0035", "R5T.Z0035\R5T.Z0035.csproj", "{15BB8B4E-E49D-4FBE-9A79-53DB6FF1F838}"
EndProject
Project("{2150E333-8FDC-42A3-9474-1A3956D46DE8}") = "_Dependencies", "_Dependencies", "{E588EF6D-D160-4FA5-8763-640D349F53E5}"
EndProject
Project("{9A19103F-16F7-4668-BE54-9A1E7A4F7556}") = "R5T.F0000", "..\..\R5T.F0000\source\R5T.F0000\R5T.F0000.csproj", "{2A2294D0-EBE5-421B-937C-39F90D38A508}"
EndProject
Project("{9A19103F-16F7-4668-BE54-9A1E7A4F7556}") = "R5T.R0008.T000", "..\..\R5T.R0008\source\R5T.R0008.T000\R5T.R0008.T000.csproj", "{F7A6575E-BE36-4801-83BB-26B7E83A09C2}"
EndProject
Project("{9A19103F-16F7-4668-BE54-9A1E7A4F7556}") = "R5T.R0008", "..\..\R5T.R0008\source\R5T.R0008\R5T.R0008.csproj", "{1EEDCE0F-0529-4221-B219-458759F19541}"
EndProject
Project("{9A19103F-16F7-4668-BE54-9A1E7A4F7556}") = "R5T.T0131", "..\..\R5T.T0131\source\R5T.T0131\R5T.T0131.csproj", "{5BEB4A56-FDE9-4A2F-BC2F-09F46426FEFC}"
EndProject
Project("{9A19103F-16F7-4668-BE54-9A1E7A4F7556}") = "R5T.T0132", "..\..\R5T.T0132\source\R5T.T0132\R5T.T0132.csproj", "{AC82A1BB-6DD6-42AB-A782-6CE130638771}"
EndProject
Project("{9A19103F-16F7-4668-BE54-9A1E7A4F7556}") = "R5T.T0142", "..\..\R5T.T0142\source\R5T.T0142\R5T.T0142.csproj", "{6D53240E-6085-4221-9EBC-347245C94581}"
EndProject
Project("{9A19103F-16F7-4668-BE54-9A1E7A4F7556}") = "R5T.T0143", "..\..\R5T.T0143\source\R5T.T0143\R5T.T0143.csproj", "{841D73CF-EE05-433B-A9C9-9974CDDF7392}"
EndProject
Project("{9A19103F-16F7-4668-BE54-9A1E7A4F7556}") = "R5T.T0150", "..\..\R5T.T0150\source\R5T.T0150\R5T.T0150.csproj", "{EFFCE160-EAD6-47B8-91B0-FE27895625E4}"
EndProject
Project("{9A19103F-16F7-4668-BE54-9A1E7A4F7556}") = "R5T.T0156", "..\..\R5T.T0156\source\R5T.T0156\R5T.T0156.csproj", "{ABFCA95E-F6BD-478C-B6B1-F481B36FB393}"
EndProject
Project("{9A19103F-16F7-4668-BE54-9A1E7A4F7556}") = "R5T.Y0000", "..\..\R5T.Y0000\source\R5T.Y0000\R5T.Y0000.csproj", "{8460C7BF-6EFB-4C33-BBD0-9DE341402BD9}"
EndProject
Project("{9A19103F-16F7-4668-BE54-9A1E7A4F7556}") = "R5T.Z0000", "..\..\R5T.Z0000\source\R5T.Z0000\R5T.Z0000.csproj", "{B2CE7D8A-5116-4D64-B5F8-86E591CE58FF}"
EndProject
Global
	GlobalSection(NestedProjects) = preSolution
		{2A2294D0-EBE5-421B-937C-39F90D38A508} = {E588EF6D-D160-4FA5-8763-640D349F53E5}
		{F7A6575E-BE36-4801-83BB-26B7E83A09C2} = {E588EF6D-D160-4FA5-8763-640D349F53E5}
		{1EEDCE0F-0529-4221-B219-458759F19541} = {E588EF6D-D160-4FA5-8763-640D349F53E5}
		{5BEB4A56-FDE9-4A2F-BC2F-09F46426FEFC} = {E588EF6D-D160-4FA5-8763-640D349F53E5}
		{AC82A1BB-6DD6-42AB-A782-6CE130638771} = {E588EF6D-D160-4FA5-8763-640D349F53E5}
		{6D53240E-6085-4221-9EBC-347245C94581} = {E588EF6D-D160-4FA5-8763-640D349F53E5}
		{841D73CF-EE05-433B-A9C9-9974CDDF7392} = {E588EF6D-D160-4FA5-8763-640D349F53E5}
		{EFFCE160-EAD6-47B8-91B0-FE27895625E4} = {E588EF6D-D160-4FA5-8763-640D349F53E5}
		{ABFCA95E-F6BD-478C-B6B1-F481B36FB393} = {E588EF6D-D160-4FA5-8763-640D349F53E5}
		{8460C7BF-6EFB-4C33-BBD0-9DE341402BD9} = {E588EF6D-D160-4FA5-8763-640D349F53E5}
		{B2CE7D8A-5116-4D64-B5F8-86E591CE58FF} = {E588EF6D-D160-4FA5-8763-640D349F53E5}
	EndGlobalSection
	GlobalSection(SolutionConfigurationPlatforms) = preSolution
		Debug|Any CPU = Debug|Any CPU
		Release|Any CPU = Release|Any CPU
	EndGlobalSection
	GlobalSection(ProjectConfigurationPlatforms) = postSolution
		{CC598546-C2C2-4327-9240-9656A628B1BC}.Debug|Any CPU.ActiveCfg = Debug|Any CPU
		{CC598546-C2C2-4327-9240-9656A628B1BC}.Debug|Any CPU.Build.0 = Debug|Any CPU
		{CC598546-C2C2-4327-9240-9656A628B1BC}.Release|Any CPU.ActiveCfg = Release|Any CPU
		{CC598546-C2C2-4327-9240-9656A628B1BC}.Release|Any CPU.Build.0 = Release|Any CPU
		{15BB8B4E-E49D-4FBE-9A79-53DB6FF1F838}.Debug|Any CPU.ActiveCfg = Debug|Any CPU
		{15BB8B4E-E49D-4FBE-9A79-53DB6FF1F838}.Debug|Any CPU.Build.0 = Debug|Any CPU
		{15BB8B4E-E49D-4FBE-9A79-53DB6FF1F838}.Release|Any CPU.ActiveCfg = Release|Any CPU
		{15BB8B4E-E49D-4FBE-9A79-53DB6FF1F838}.Release|Any CPU.Build.0 = Release|Any CPU
		{2A2294D0-EBE5-421B-937C-39F90D38A508}.Debug|Any CPU.ActiveCfg = Debug|Any CPU
		{2A2294D0-EBE5-421B-937C-39F90D38A508}.Debug|Any CPU.Build.0 = Debug|Any CPU
		{2A2294D0-EBE5-421B-937C-39F90D38A508}.Release|Any CPU.ActiveCfg = Release|Any CPU
		{2A2294D0-EBE5-421B-937C-39F90D38A508}.Release|Any CPU.Build.0 = Release|Any CPU
		{F7A6575E-BE36-4801-83BB-26B7E83A09C2}.Debug|Any CPU.ActiveCfg = Debug|Any CPU
		{F7A6575E-BE36-4801-83BB-26B7E83A09C2}.Debug|Any CPU.Build.0 = Debug|Any CPU
		{F7A6575E-BE36-4801-83BB-26B7E83A09C2}.Release|Any CPU.ActiveCfg = Release|Any CPU
		{F7A6575E-BE36-4801-83BB-26B7E83A09C2}.Release|Any CPU.Build.0 = Release|Any CPU
		{1EEDCE0F-0529-4221-B219-458759F19541}.Debug|Any CPU.ActiveCfg = Debug|Any CPU
		{1EEDCE0F-0529-4221-B219-458759F19541}.Debug|Any CPU.Build.0 = Debug|Any CPU
		{1EEDCE0F-0529-4221-B219-458759F19541}.Release|Any CPU.ActiveCfg = Release|Any CPU
		{1EEDCE0F-0529-4221-B219-458759F19541}.Release|Any CPU.Build.0 = Release|Any CPU
		{5BEB4A56-FDE9-4A2F-BC2F-09F46426FEFC}.Debug|Any CPU.ActiveCfg = Debug|Any CPU
		{5BEB4A56-FDE9-4A2F-BC2F-09F46426FEFC}.Debug|Any CPU.Build.0 = Debug|Any CPU
		{5BEB4A56-FDE9-4A2F-BC2F-09F46426FEFC}.Release|Any CPU.ActiveCfg = Release|Any CPU
		{5BEB4A56-FDE9-4A2F-BC2F-09F46426FEFC}.Release|Any CPU.Build.0 = Release|Any CPU
		{AC82A1BB-6DD6-42AB-A782-6CE130638771}.Debug|Any CPU.ActiveCfg = Debug|Any CPU
		{AC82A1BB-6DD6-42AB-A782-6CE130638771}.Debug|Any CPU.Build.0 = Debug|Any CPU
		{AC82A1BB-6DD6-42AB-A782-6CE130638771}.Release|Any CPU.ActiveCfg = Release|Any CPU
		{AC82A1BB-6DD6-42AB-A782-6CE130638771}.Release|Any CPU.Build.0 = Release|Any CPU
		{6D53240E-6085-4221-9EBC-347245C94581}.Debug|Any CPU.ActiveCfg = Debug|Any CPU
		{6D53240E-6085-4221-9EBC-347245C94581}.Debug|Any CPU.Build.0 = Debug|Any CPU
		{6D53240E-6085-4221-9EBC-347245C94581}.Release|Any CPU.ActiveCfg = Release|Any CPU
		{6D53240E-6085-4221-9EBC-347245C94581}.Release|Any CPU.Build.0 = Release|Any CPU
		{841D73CF-EE05-433B-A9C9-9974CDDF7392}.Debug|Any CPU.ActiveCfg = Debug|Any CPU
		{841D73CF-EE05-433B-A9C9-9974CDDF7392}.Debug|Any CPU.Build.0 = Debug|Any CPU
		{841D73CF-EE05-433B-A9C9-9974CDDF7392}.Release|Any CPU.ActiveCfg = Release|Any CPU
		{841D73CF-EE05-433B-A9C9-9974CDDF7392}.Release|Any CPU.Build.0 = Release|Any CPU
		{EFFCE160-EAD6-47B8-91B0-FE27895625E4}.Debug|Any CPU.ActiveCfg = Debug|Any CPU
		{EFFCE160-EAD6-47B8-91B0-FE27895625E4}.Debug|Any CPU.Build.0 = Debug|Any CPU
		{EFFCE160-EAD6-47B8-91B0-FE27895625E4}.Release|Any CPU.ActiveCfg = Release|Any CPU
		{EFFCE160-EAD6-47B8-91B0-FE27895625E4}.Release|Any CPU.Build.0 = Release|Any CPU
		{ABFCA95E-F6BD-478C-B6B1-F481B36FB393}.Debug|Any CPU.ActiveCfg = Debug|Any CPU
		{ABFCA95E-F6BD-478C-B6B1-F481B36FB393}.Debug|Any CPU.Build.0 = Debug|Any CPU
		{ABFCA95E-F6BD-478C-B6B1-F481B36FB393}.Release|Any CPU.ActiveCfg = Release|Any CPU
		{ABFCA95E-F6BD-478C-B6B1-F481B36FB393}.Release|Any CPU.Build.0 = Release|Any CPU
		{8460C7BF-6EFB-4C33-BBD0-9DE341402BD9}.Debug|Any CPU.ActiveCfg = Debug|Any CPU
		{8460C7BF-6EFB-4C33-BBD0-9DE341402BD9}.Debug|Any CPU.Build.0 = Debug|Any CPU
		{8460C7BF-6EFB-4C33-BBD0-9DE341402BD9}.Release|Any CPU.ActiveCfg = Release|Any CPU
		{8460C7BF-6EFB-4C33-BBD0-9DE341402BD9}.Release|Any CPU.Build.0 = Release|Any CPU
		{B2CE7D8A-5116-4D64-B5F8-86E591CE58FF}.Debug|Any CPU.ActiveCfg = Debug|Any CPU
		{B2CE7D8A-5116-4D64-B5F8-86E591CE58FF}.Debug|Any CPU.Build.0 = Debug|Any CPU
		{B2CE7D8A-5116-4D64-B5F8-86E591CE58FF}.Release|Any CPU.ActiveCfg = Release|Any CPU
		{B2CE7D8A-5116-4D64-B5F8-86E591CE58FF}.Release|Any CPU.Build.0 = Release|Any CPU
	EndGlobalSection
	GlobalSection(SolutionProperties) = preSolution
		HideSolutionNode = FALSE
	EndGlobalSection
	GlobalSection(ExtensibilityGlobals) = postSolution
		SolutionGuid = {68D5196D-6175-4BEF-AB53-D34466535DFA}
	EndGlobalSection
EndGlobal
