
Microsoft Visual Studio Solution File, Format Version 12.00
# Visual Studio Version 17
VisualStudioVersion = 17.2.32630.192
MinimumVisualStudioVersion = 10.0.40219.1
Project("{9A19103F-16F7-4668-BE54-9A1E7A4F7556}") = "R5T.Z0035", "R5T.Z0035\R5T.Z0035.csproj", "{8282D354-8FCA-4AAE-9370-91873749840F}"
EndProject
Project("{2150E333-8FDC-42A3-9474-1A3956D46DE8}") = "_Dependencies", "_Dependencies", "{2A30EC06-9E9F-435B-A275-7615EC7C22DF}"
EndProject
Project("{9A19103F-16F7-4668-BE54-9A1E7A4F7556}") = "R5T.F0000", "..\..\R5T.F0000\source\R5T.F0000\R5T.F0000.csproj", "{EAE978D5-30EB-4EB4-8789-45C2D72AAF14}"
EndProject
Project("{9A19103F-16F7-4668-BE54-9A1E7A4F7556}") = "R5T.R0008.T000", "..\..\R5T.R0008\source\R5T.R0008.T000\R5T.R0008.T000.csproj", "{33705F94-5926-40F9-96C8-5D8EB4ABDABF}"
EndProject
Project("{9A19103F-16F7-4668-BE54-9A1E7A4F7556}") = "R5T.R0008", "..\..\R5T.R0008\source\R5T.R0008\R5T.R0008.csproj", "{98456A84-6DE2-4ED4-9D3A-ED9B949CFF3C}"
EndProject
Project("{9A19103F-16F7-4668-BE54-9A1E7A4F7556}") = "R5T.T0131", "..\..\R5T.T0131\source\R5T.T0131\R5T.T0131.csproj", "{B598B933-7985-4551-9A16-61CB0BC543D8}"
EndProject
Project("{9A19103F-16F7-4668-BE54-9A1E7A4F7556}") = "R5T.T0132", "..\..\R5T.T0132\source\R5T.T0132\R5T.T0132.csproj", "{FD48F21C-2218-4F76-AA36-0650783A10D6}"
EndProject
Project("{9A19103F-16F7-4668-BE54-9A1E7A4F7556}") = "R5T.T0142", "..\..\R5T.T0142\source\R5T.T0142\R5T.T0142.csproj", "{41A9F53E-EAF7-4A26-A632-C3AB2BC586CF}"
EndProject
Project("{9A19103F-16F7-4668-BE54-9A1E7A4F7556}") = "R5T.T0143", "..\..\R5T.T0143\source\R5T.T0143\R5T.T0143.csproj", "{21C7FC89-96DF-40C0-8933-1D297474E8D2}"
EndProject
Project("{9A19103F-16F7-4668-BE54-9A1E7A4F7556}") = "R5T.T0150", "..\..\R5T.T0150\source\R5T.T0150\R5T.T0150.csproj", "{DA34A49C-525F-4CA5-966E-6FE1E8301B5B}"
EndProject
Project("{9A19103F-16F7-4668-BE54-9A1E7A4F7556}") = "R5T.T0156", "..\..\R5T.T0156\source\R5T.T0156\R5T.T0156.csproj", "{B1A5B55B-0283-41D8-802F-92EBEE68A74E}"
EndProject
Project("{9A19103F-16F7-4668-BE54-9A1E7A4F7556}") = "R5T.Y0000", "..\..\R5T.Y0000\source\R5T.Y0000\R5T.Y0000.csproj", "{3B5799A7-9C5E-4A40-B4F8-9803A6143EE4}"
EndProject
Project("{9A19103F-16F7-4668-BE54-9A1E7A4F7556}") = "R5T.Z0000", "..\..\R5T.Z0000\source\R5T.Z0000\R5T.Z0000.csproj", "{F360F8CA-FA22-414B-984C-C208FE2A1904}"
EndProject
Global
	GlobalSection(NestedProjects) = preSolution
		{EAE978D5-30EB-4EB4-8789-45C2D72AAF14} = {2A30EC06-9E9F-435B-A275-7615EC7C22DF}
		{33705F94-5926-40F9-96C8-5D8EB4ABDABF} = {2A30EC06-9E9F-435B-A275-7615EC7C22DF}
		{98456A84-6DE2-4ED4-9D3A-ED9B949CFF3C} = {2A30EC06-9E9F-435B-A275-7615EC7C22DF}
		{B598B933-7985-4551-9A16-61CB0BC543D8} = {2A30EC06-9E9F-435B-A275-7615EC7C22DF}
		{FD48F21C-2218-4F76-AA36-0650783A10D6} = {2A30EC06-9E9F-435B-A275-7615EC7C22DF}
		{41A9F53E-EAF7-4A26-A632-C3AB2BC586CF} = {2A30EC06-9E9F-435B-A275-7615EC7C22DF}
		{21C7FC89-96DF-40C0-8933-1D297474E8D2} = {2A30EC06-9E9F-435B-A275-7615EC7C22DF}
		{DA34A49C-525F-4CA5-966E-6FE1E8301B5B} = {2A30EC06-9E9F-435B-A275-7615EC7C22DF}
		{B1A5B55B-0283-41D8-802F-92EBEE68A74E} = {2A30EC06-9E9F-435B-A275-7615EC7C22DF}
		{3B5799A7-9C5E-4A40-B4F8-9803A6143EE4} = {2A30EC06-9E9F-435B-A275-7615EC7C22DF}
		{F360F8CA-FA22-414B-984C-C208FE2A1904} = {2A30EC06-9E9F-435B-A275-7615EC7C22DF}
	EndGlobalSection
	GlobalSection(SolutionConfigurationPlatforms) = preSolution
		Debug|Any CPU = Debug|Any CPU
		Release|Any CPU = Release|Any CPU
	EndGlobalSection
	GlobalSection(ProjectConfigurationPlatforms) = postSolution
		{8282D354-8FCA-4AAE-9370-91873749840F}.Debug|Any CPU.ActiveCfg = Debug|Any CPU
		{8282D354-8FCA-4AAE-9370-91873749840F}.Debug|Any CPU.Build.0 = Debug|Any CPU
		{8282D354-8FCA-4AAE-9370-91873749840F}.Release|Any CPU.ActiveCfg = Release|Any CPU
		{8282D354-8FCA-4AAE-9370-91873749840F}.Release|Any CPU.Build.0 = Release|Any CPU
		{EAE978D5-30EB-4EB4-8789-45C2D72AAF14}.Debug|Any CPU.ActiveCfg = Debug|Any CPU
		{EAE978D5-30EB-4EB4-8789-45C2D72AAF14}.Debug|Any CPU.Build.0 = Debug|Any CPU
		{EAE978D5-30EB-4EB4-8789-45C2D72AAF14}.Release|Any CPU.ActiveCfg = Release|Any CPU
		{EAE978D5-30EB-4EB4-8789-45C2D72AAF14}.Release|Any CPU.Build.0 = Release|Any CPU
		{33705F94-5926-40F9-96C8-5D8EB4ABDABF}.Debug|Any CPU.ActiveCfg = Debug|Any CPU
		{33705F94-5926-40F9-96C8-5D8EB4ABDABF}.Debug|Any CPU.Build.0 = Debug|Any CPU
		{33705F94-5926-40F9-96C8-5D8EB4ABDABF}.Release|Any CPU.ActiveCfg = Release|Any CPU
		{33705F94-5926-40F9-96C8-5D8EB4ABDABF}.Release|Any CPU.Build.0 = Release|Any CPU
		{98456A84-6DE2-4ED4-9D3A-ED9B949CFF3C}.Debug|Any CPU.ActiveCfg = Debug|Any CPU
		{98456A84-6DE2-4ED4-9D3A-ED9B949CFF3C}.Debug|Any CPU.Build.0 = Debug|Any CPU
		{98456A84-6DE2-4ED4-9D3A-ED9B949CFF3C}.Release|Any CPU.ActiveCfg = Release|Any CPU
		{98456A84-6DE2-4ED4-9D3A-ED9B949CFF3C}.Release|Any CPU.Build.0 = Release|Any CPU
		{B598B933-7985-4551-9A16-61CB0BC543D8}.Debug|Any CPU.ActiveCfg = Debug|Any CPU
		{B598B933-7985-4551-9A16-61CB0BC543D8}.Debug|Any CPU.Build.0 = Debug|Any CPU
		{B598B933-7985-4551-9A16-61CB0BC543D8}.Release|Any CPU.ActiveCfg = Release|Any CPU
		{B598B933-7985-4551-9A16-61CB0BC543D8}.Release|Any CPU.Build.0 = Release|Any CPU
		{FD48F21C-2218-4F76-AA36-0650783A10D6}.Debug|Any CPU.ActiveCfg = Debug|Any CPU
		{FD48F21C-2218-4F76-AA36-0650783A10D6}.Debug|Any CPU.Build.0 = Debug|Any CPU
		{FD48F21C-2218-4F76-AA36-0650783A10D6}.Release|Any CPU.ActiveCfg = Release|Any CPU
		{FD48F21C-2218-4F76-AA36-0650783A10D6}.Release|Any CPU.Build.0 = Release|Any CPU
		{41A9F53E-EAF7-4A26-A632-C3AB2BC586CF}.Debug|Any CPU.ActiveCfg = Debug|Any CPU
		{41A9F53E-EAF7-4A26-A632-C3AB2BC586CF}.Debug|Any CPU.Build.0 = Debug|Any CPU
		{41A9F53E-EAF7-4A26-A632-C3AB2BC586CF}.Release|Any CPU.ActiveCfg = Release|Any CPU
		{41A9F53E-EAF7-4A26-A632-C3AB2BC586CF}.Release|Any CPU.Build.0 = Release|Any CPU
		{21C7FC89-96DF-40C0-8933-1D297474E8D2}.Debug|Any CPU.ActiveCfg = Debug|Any CPU
		{21C7FC89-96DF-40C0-8933-1D297474E8D2}.Debug|Any CPU.Build.0 = Debug|Any CPU
		{21C7FC89-96DF-40C0-8933-1D297474E8D2}.Release|Any CPU.ActiveCfg = Release|Any CPU
		{21C7FC89-96DF-40C0-8933-1D297474E8D2}.Release|Any CPU.Build.0 = Release|Any CPU
		{DA34A49C-525F-4CA5-966E-6FE1E8301B5B}.Debug|Any CPU.ActiveCfg = Debug|Any CPU
		{DA34A49C-525F-4CA5-966E-6FE1E8301B5B}.Debug|Any CPU.Build.0 = Debug|Any CPU
		{DA34A49C-525F-4CA5-966E-6FE1E8301B5B}.Release|Any CPU.ActiveCfg = Release|Any CPU
		{DA34A49C-525F-4CA5-966E-6FE1E8301B5B}.Release|Any CPU.Build.0 = Release|Any CPU
		{B1A5B55B-0283-41D8-802F-92EBEE68A74E}.Debug|Any CPU.ActiveCfg = Debug|Any CPU
		{B1A5B55B-0283-41D8-802F-92EBEE68A74E}.Debug|Any CPU.Build.0 = Debug|Any CPU
		{B1A5B55B-0283-41D8-802F-92EBEE68A74E}.Release|Any CPU.ActiveCfg = Release|Any CPU
		{B1A5B55B-0283-41D8-802F-92EBEE68A74E}.Release|Any CPU.Build.0 = Release|Any CPU
		{3B5799A7-9C5E-4A40-B4F8-9803A6143EE4}.Debug|Any CPU.ActiveCfg = Debug|Any CPU
		{3B5799A7-9C5E-4A40-B4F8-9803A6143EE4}.Debug|Any CPU.Build.0 = Debug|Any CPU
		{3B5799A7-9C5E-4A40-B4F8-9803A6143EE4}.Release|Any CPU.ActiveCfg = Release|Any CPU
		{3B5799A7-9C5E-4A40-B4F8-9803A6143EE4}.Release|Any CPU.Build.0 = Release|Any CPU
		{F360F8CA-FA22-414B-984C-C208FE2A1904}.Debug|Any CPU.ActiveCfg = Debug|Any CPU
		{F360F8CA-FA22-414B-984C-C208FE2A1904}.Debug|Any CPU.Build.0 = Debug|Any CPU
		{F360F8CA-FA22-414B-984C-C208FE2A1904}.Release|Any CPU.ActiveCfg = Release|Any CPU
		{F360F8CA-FA22-414B-984C-C208FE2A1904}.Release|Any CPU.Build.0 = Release|Any CPU
	EndGlobalSection
	GlobalSection(SolutionProperties) = preSolution
		HideSolutionNode = FALSE
	EndGlobalSection
	GlobalSection(ExtensibilityGlobals) = postSolution
		SolutionGuid = {87751237-23F7-4558-BE49-7111109F1722}
	EndGlobalSection
EndGlobal
